// !$*UTF8*$!
{
	archiveVersion = 1;
	classes = {
	};
	objectVersion = 50;
	objects = {

/* Begin PBXBuildFile section */
		46257F3C2206F12A00D9BC23 /* AppDelegate.swift in Sources */ = {isa = PBXBuildFile; fileRef = 46257F3B2206F12A00D9BC23 /* AppDelegate.swift */; };
		46257F3E2206F12A00D9BC23 /* CustomerInvitationViewController.swift in Sources */ = {isa = PBXBuildFile; fileRef = 46257F3D2206F12A00D9BC23 /* CustomerInvitationViewController.swift */; };
		46257F412206F12A00D9BC23 /* Main.storyboard in Resources */ = {isa = PBXBuildFile; fileRef = 46257F3F2206F12A00D9BC23 /* Main.storyboard */; };
		46257F432206F13300D9BC23 /* Assets.xcassets in Resources */ = {isa = PBXBuildFile; fileRef = 46257F422206F13300D9BC23 /* Assets.xcassets */; };
		46257F462206F13300D9BC23 /* LaunchScreen.storyboard in Resources */ = {isa = PBXBuildFile; fileRef = 46257F442206F13300D9BC23 /* LaunchScreen.storyboard */; };
		46257F562207064200D9BC23 /* test.json in Resources */ = {isa = PBXBuildFile; fileRef = 46257F552207064200D9BC23 /* test.json */; };
		46257F5822070BFA00D9BC23 /* Utilities.swift in Sources */ = {isa = PBXBuildFile; fileRef = 46257F5722070BFA00D9BC23 /* Utilities.swift */; };
		46257F5B22070CF000D9BC23 /* Constants.swift in Sources */ = {isa = PBXBuildFile; fileRef = 46257F5A22070CF000D9BC23 /* Constants.swift */; };
		46257F62220722E900D9BC23 /* CustomerInfoListModel.swift in Sources */ = {isa = PBXBuildFile; fileRef = 46257F61220722E900D9BC23 /* CustomerInfoListModel.swift */; };
		46257F662207253500D9BC23 /* CustomerInvitationViewModel.swift in Sources */ = {isa = PBXBuildFile; fileRef = 46257F652207253500D9BC23 /* CustomerInvitationViewModel.swift */; };
		46257F692207474500D9BC23 /* DistanceCalculator.swift in Sources */ = {isa = PBXBuildFile; fileRef = 46257F682207474500D9BC23 /* DistanceCalculator.swift */; };
		F126C2FD220847F5004863E1 /* CustomerInvitationTests.swift in Sources */ = {isa = PBXBuildFile; fileRef = F126C2FC220847F5004863E1 /* CustomerInvitationTests.swift */; };
/* End PBXBuildFile section */

/* Begin PBXContainerItemProxy section */
		F126C2F722084697004863E1 /* PBXContainerItemProxy */ = {
			isa = PBXContainerItemProxy;
			containerPortal = 46257F302206F12A00D9BC23 /* Project object */;
			proxyType = 1;
			remoteGlobalIDString = 46257F372206F12A00D9BC23;
			remoteInfo = TakeHomeTest;
		};
/* End PBXContainerItemProxy section */

/* Begin PBXFileReference section */
		46257F382206F12A00D9BC23 /* TakeHomeTest.app */ = {isa = PBXFileReference; explicitFileType = wrapper.application; includeInIndex = 0; path = TakeHomeTest.app; sourceTree = BUILT_PRODUCTS_DIR; };
		46257F3B2206F12A00D9BC23 /* AppDelegate.swift */ = {isa = PBXFileReference; lastKnownFileType = sourcecode.swift; path = AppDelegate.swift; sourceTree = "<group>"; };
		46257F3D2206F12A00D9BC23 /* CustomerInvitationViewController.swift */ = {isa = PBXFileReference; lastKnownFileType = sourcecode.swift; path = CustomerInvitationViewController.swift; sourceTree = "<group>"; };
		46257F402206F12A00D9BC23 /* Base */ = {isa = PBXFileReference; lastKnownFileType = file.storyboard; name = Base; path = Base.lproj/Main.storyboard; sourceTree = "<group>"; };
		46257F422206F13300D9BC23 /* Assets.xcassets */ = {isa = PBXFileReference; lastKnownFileType = folder.assetcatalog; path = Assets.xcassets; sourceTree = "<group>"; };
		46257F452206F13300D9BC23 /* Base */ = {isa = PBXFileReference; lastKnownFileType = file.storyboard; name = Base; path = Base.lproj/LaunchScreen.storyboard; sourceTree = "<group>"; };
		46257F472206F13300D9BC23 /* Info.plist */ = {isa = PBXFileReference; lastKnownFileType = text.plist.xml; path = Info.plist; sourceTree = "<group>"; };
		46257F552207064200D9BC23 /* test.json */ = {isa = PBXFileReference; fileEncoding = 4; lastKnownFileType = text.json; path = test.json; sourceTree = "<group>"; };
		46257F5722070BFA00D9BC23 /* Utilities.swift */ = {isa = PBXFileReference; lastKnownFileType = sourcecode.swift; name = Utilities.swift; path = TakeHomeTest/Managers/Utilities.swift; sourceTree = SOURCE_ROOT; };
		46257F5A22070CF000D9BC23 /* Constants.swift */ = {isa = PBXFileReference; lastKnownFileType = sourcecode.swift; path = Constants.swift; sourceTree = "<group>"; };
		46257F61220722E900D9BC23 /* CustomerInfoListModel.swift */ = {isa = PBXFileReference; lastKnownFileType = sourcecode.swift; path = CustomerInfoListModel.swift; sourceTree = "<group>"; };
		46257F652207253500D9BC23 /* CustomerInvitationViewModel.swift */ = {isa = PBXFileReference; lastKnownFileType = sourcecode.swift; path = CustomerInvitationViewModel.swift; sourceTree = "<group>"; };
		46257F682207474500D9BC23 /* DistanceCalculator.swift */ = {isa = PBXFileReference; lastKnownFileType = sourcecode.swift; path = DistanceCalculator.swift; sourceTree = "<group>"; };
		F126C2F222084696004863E1 /* TakeHomeTestTests.xctest */ = {isa = PBXFileReference; explicitFileType = wrapper.cfbundle; includeInIndex = 0; path = TakeHomeTestTests.xctest; sourceTree = BUILT_PRODUCTS_DIR; };
		F126C2F622084697004863E1 /* Info.plist */ = {isa = PBXFileReference; lastKnownFileType = text.plist.xml; path = Info.plist; sourceTree = "<group>"; };
		F126C2FC220847F5004863E1 /* CustomerInvitationTests.swift */ = {isa = PBXFileReference; lastKnownFileType = sourcecode.swift; path = CustomerInvitationTests.swift; sourceTree = "<group>"; };
/* End PBXFileReference section */

/* Begin PBXFrameworksBuildPhase section */
		46257F352206F12A00D9BC23 /* Frameworks */ = {
			isa = PBXFrameworksBuildPhase;
			buildActionMask = 2147483647;
			files = (
			);
			runOnlyForDeploymentPostprocessing = 0;
		};
		F126C2EF22084696004863E1 /* Frameworks */ = {
			isa = PBXFrameworksBuildPhase;
			buildActionMask = 2147483647;
			files = (
			);
			runOnlyForDeploymentPostprocessing = 0;
		};
/* End PBXFrameworksBuildPhase section */

/* Begin PBXGroup section */
		46257F2F2206F12A00D9BC23 = {
			isa = PBXGroup;
			children = (
				46257F3A2206F12A00D9BC23 /* TakeHomeTest */,
				F126C2F322084697004863E1 /* TakeHomeTestTests */,
				46257F392206F12A00D9BC23 /* Products */,
			);
			sourceTree = "<group>";
		};
		46257F392206F12A00D9BC23 /* Products */ = {
			isa = PBXGroup;
			children = (
				46257F382206F12A00D9BC23 /* TakeHomeTest.app */,
				F126C2F222084696004863E1 /* TakeHomeTestTests.xctest */,
			);
			name = Products;
			sourceTree = "<group>";
		};
		46257F3A2206F12A00D9BC23 /* TakeHomeTest */ = {
			isa = PBXGroup;
			children = (
				46257F4F2206F19800D9BC23 /* AppDelegate */,
				46257F5922070CDF00D9BC23 /* Constants */,
				46257F63220724C900D9BC23 /* CustomerInvitation */,
				46257F522206F45100D9BC23 /* Managers */,
				46257F5C2207228400D9BC23 /* Models */,
				46257F502206F1C000D9BC23 /* Resources */,
				46257F4E2206F17800D9BC23 /* Views */,
			);
			path = TakeHomeTest;
			sourceTree = "<group>";
		};
		46257F4D2206F16400D9BC23 /* Controllers */ = {
			isa = PBXGroup;
			children = (
				46257F3D2206F12A00D9BC23 /* CustomerInvitationViewController.swift */,
			);
			path = Controllers;
			sourceTree = "<group>";
		};
		46257F4E2206F17800D9BC23 /* Views */ = {
			isa = PBXGroup;
			children = (
				46257F442206F13300D9BC23 /* LaunchScreen.storyboard */,
			);
			path = Views;
			sourceTree = "<group>";
		};
		46257F4F2206F19800D9BC23 /* AppDelegate */ = {
			isa = PBXGroup;
			children = (
				46257F3B2206F12A00D9BC23 /* AppDelegate.swift */,
			);
			path = AppDelegate;
			sourceTree = "<group>";
		};
		46257F502206F1C000D9BC23 /* Resources */ = {
			isa = PBXGroup;
			children = (
				46257F552207064200D9BC23 /* test.json */,
				46257F472206F13300D9BC23 /* Info.plist */,
				46257F422206F13300D9BC23 /* Assets.xcassets */,
			);
			path = Resources;
			sourceTree = "<group>";
		};
		46257F522206F45100D9BC23 /* Managers */ = {
			isa = PBXGroup;
			children = (
				46257F5722070BFA00D9BC23 /* Utilities.swift */,
				46257F682207474500D9BC23 /* DistanceCalculator.swift */,
			);
			path = Managers;
			sourceTree = "<group>";
		};
		46257F5922070CDF00D9BC23 /* Constants */ = {
			isa = PBXGroup;
			children = (
				46257F5A22070CF000D9BC23 /* Constants.swift */,
			);
			path = Constants;
			sourceTree = "<group>";
		};
		46257F5C2207228400D9BC23 /* Models */ = {
			isa = PBXGroup;
			children = (
				46257F61220722E900D9BC23 /* CustomerInfoListModel.swift */,
			);
			path = Models;
			sourceTree = "<group>";
		};
		46257F63220724C900D9BC23 /* CustomerInvitation */ = {
			isa = PBXGroup;
			children = (
				46257F4D2206F16400D9BC23 /* Controllers */,
				46257F64220724F700D9BC23 /* View */,
				46257F672207253A00D9BC23 /* ViewModel */,
			);
			path = CustomerInvitation;
			sourceTree = "<group>";
		};
		46257F64220724F700D9BC23 /* View */ = {
			isa = PBXGroup;
			children = (
				46257F3F2206F12A00D9BC23 /* Main.storyboard */,
			);
			path = View;
			sourceTree = "<group>";
		};
		46257F672207253A00D9BC23 /* ViewModel */ = {
			isa = PBXGroup;
			children = (
				46257F652207253500D9BC23 /* CustomerInvitationViewModel.swift */,
			);
			path = ViewModel;
			sourceTree = "<group>";
		};
		F126C2F322084697004863E1 /* TakeHomeTestTests */ = {
			isa = PBXGroup;
			children = (
				F126C2F622084697004863E1 /* Info.plist */,
				F126C2FC220847F5004863E1 /* CustomerInvitationTests.swift */,
			);
			path = TakeHomeTestTests;
			sourceTree = "<group>";
		};
/* End PBXGroup section */

/* Begin PBXNativeTarget section */
		46257F372206F12A00D9BC23 /* TakeHomeTest */ = {
			isa = PBXNativeTarget;
			buildConfigurationList = 46257F4A2206F13400D9BC23 /* Build configuration list for PBXNativeTarget "TakeHomeTest" */;
			buildPhases = (
				46257F342206F12A00D9BC23 /* Sources */,
				46257F352206F12A00D9BC23 /* Frameworks */,
				46257F362206F12A00D9BC23 /* Resources */,
			);
			buildRules = (
			);
			dependencies = (
			);
			name = TakeHomeTest;
			productName = TakeHomeTest;
			productReference = 46257F382206F12A00D9BC23 /* TakeHomeTest.app */;
			productType = "com.apple.product-type.application";
		};
		F126C2F122084696004863E1 /* TakeHomeTestTests */ = {
			isa = PBXNativeTarget;
			buildConfigurationList = F126C2FB22084697004863E1 /* Build configuration list for PBXNativeTarget "TakeHomeTestTests" */;
			buildPhases = (
				F126C2EE22084696004863E1 /* Sources */,
				F126C2EF22084696004863E1 /* Frameworks */,
				F126C2F022084696004863E1 /* Resources */,
			);
			buildRules = (
			);
			dependencies = (
				F126C2F822084697004863E1 /* PBXTargetDependency */,
			);
			name = TakeHomeTestTests;
			productName = TakeHomeTestTests;
			productReference = F126C2F222084696004863E1 /* TakeHomeTestTests.xctest */;
			productType = "com.apple.product-type.bundle.unit-test";
		};
/* End PBXNativeTarget section */

/* Begin PBXProject section */
		46257F302206F12A00D9BC23 /* Project object */ = {
			isa = PBXProject;
			attributes = {
				LastSwiftUpdateCheck = 1010;
				LastUpgradeCheck = 0940;
				ORGANIZATIONNAME = "Abhishek Srivastava";
				TargetAttributes = {
					46257F372206F12A00D9BC23 = {
						CreatedOnToolsVersion = 9.4;
					};
					F126C2F122084696004863E1 = {
						CreatedOnToolsVersion = 10.1;
						TestTargetID = 46257F372206F12A00D9BC23;
					};
				};
			};
			buildConfigurationList = 46257F332206F12A00D9BC23 /* Build configuration list for PBXProject "TakeHomeTest" */;
			compatibilityVersion = "Xcode 9.3";
			developmentRegion = en;
			hasScannedForEncodings = 0;
			knownRegions = (
				en,
				Base,
			);
			mainGroup = 46257F2F2206F12A00D9BC23;
			productRefGroup = 46257F392206F12A00D9BC23 /* Products */;
			projectDirPath = "";
			projectRoot = "";
			targets = (
				46257F372206F12A00D9BC23 /* TakeHomeTest */,
				F126C2F122084696004863E1 /* TakeHomeTestTests */,
			);
		};
/* End PBXProject section */

/* Begin PBXResourcesBuildPhase section */
		46257F362206F12A00D9BC23 /* Resources */ = {
			isa = PBXResourcesBuildPhase;
			buildActionMask = 2147483647;
			files = (
				46257F462206F13300D9BC23 /* LaunchScreen.storyboard in Resources */,
				46257F562207064200D9BC23 /* test.json in Resources */,
				46257F432206F13300D9BC23 /* Assets.xcassets in Resources */,
				46257F412206F12A00D9BC23 /* Main.storyboard in Resources */,
			);
			runOnlyForDeploymentPostprocessing = 0;
		};
		F126C2F022084696004863E1 /* Resources */ = {
			isa = PBXResourcesBuildPhase;
			buildActionMask = 2147483647;
			files = (
			);
			runOnlyForDeploymentPostprocessing = 0;
		};
/* End PBXResourcesBuildPhase section */

/* Begin PBXSourcesBuildPhase section */
		46257F342206F12A00D9BC23 /* Sources */ = {
			isa = PBXSourcesBuildPhase;
			buildActionMask = 2147483647;
			files = (
				46257F5B22070CF000D9BC23 /* Constants.swift in Sources */,
				46257F692207474500D9BC23 /* DistanceCalculator.swift in Sources */,
				46257F3E2206F12A00D9BC23 /* CustomerInvitationViewController.swift in Sources */,
				46257F5822070BFA00D9BC23 /* Utilities.swift in Sources */,
				46257F662207253500D9BC23 /* CustomerInvitationViewModel.swift in Sources */,
				46257F62220722E900D9BC23 /* CustomerInfoListModel.swift in Sources */,
				46257F3C2206F12A00D9BC23 /* AppDelegate.swift in Sources */,
			);
			runOnlyForDeploymentPostprocessing = 0;
		};
		F126C2EE22084696004863E1 /* Sources */ = {
			isa = PBXSourcesBuildPhase;
			buildActionMask = 2147483647;
			files = (
				F126C2FD220847F5004863E1 /* CustomerInvitationTests.swift in Sources */,
			);
			runOnlyForDeploymentPostprocessing = 0;
		};
/* End PBXSourcesBuildPhase section */

/* Begin PBXTargetDependency section */
		F126C2F822084697004863E1 /* PBXTargetDependency */ = {
			isa = PBXTargetDependency;
			target = 46257F372206F12A00D9BC23 /* TakeHomeTest */;
			targetProxy = F126C2F722084697004863E1 /* PBXContainerItemProxy */;
		};
/* End PBXTargetDependency section */

/* Begin PBXVariantGroup section */
		46257F3F2206F12A00D9BC23 /* Main.storyboard */ = {
			isa = PBXVariantGroup;
			children = (
				46257F402206F12A00D9BC23 /* Base */,
			);
			name = Main.storyboard;
			sourceTree = "<group>";
		};
		46257F442206F13300D9BC23 /* LaunchScreen.storyboard */ = {
			isa = PBXVariantGroup;
			children = (
				46257F452206F13300D9BC23 /* Base */,
			);
			name = LaunchScreen.storyboard;
			sourceTree = "<group>";
		};
/* End PBXVariantGroup section */

/* Begin XCBuildConfiguration section */
		46257F482206F13300D9BC23 /* Debug */ = {
			isa = XCBuildConfiguration;
			buildSettings = {
				ALWAYS_SEARCH_USER_PATHS = NO;
				CLANG_ANALYZER_NONNULL = YES;
				CLANG_ANALYZER_NUMBER_OBJECT_CONVERSION = YES_AGGRESSIVE;
				CLANG_CXX_LANGUAGE_STANDARD = "gnu++14";
				CLANG_CXX_LIBRARY = "libc++";
				CLANG_ENABLE_MODULES = YES;
				CLANG_ENABLE_OBJC_ARC = YES;
				CLANG_ENABLE_OBJC_WEAK = YES;
				CLANG_WARN_BLOCK_CAPTURE_AUTORELEASING = YES;
				CLANG_WARN_BOOL_CONVERSION = YES;
				CLANG_WARN_COMMA = YES;
				CLANG_WARN_CONSTANT_CONVERSION = YES;
				CLANG_WARN_DEPRECATED_OBJC_IMPLEMENTATIONS = YES;
				CLANG_WARN_DIRECT_OBJC_ISA_USAGE = YES_ERROR;
				CLANG_WARN_DOCUMENTATION_COMMENTS = YES;
				CLANG_WARN_EMPTY_BODY = YES;
				CLANG_WARN_ENUM_CONVERSION = YES;
				CLANG_WARN_INFINITE_RECURSION = YES;
				CLANG_WARN_INT_CONVERSION = YES;
				CLANG_WARN_NON_LITERAL_NULL_CONVERSION = YES;
				CLANG_WARN_OBJC_IMPLICIT_RETAIN_SELF = YES;
				CLANG_WARN_OBJC_LITERAL_CONVERSION = YES;
				CLANG_WARN_OBJC_ROOT_CLASS = YES_ERROR;
				CLANG_WARN_RANGE_LOOP_ANALYSIS = YES;
				CLANG_WARN_STRICT_PROTOTYPES = YES;
				CLANG_WARN_SUSPICIOUS_MOVE = YES;
				CLANG_WARN_UNGUARDED_AVAILABILITY = YES_AGGRESSIVE;
				CLANG_WARN_UNREACHABLE_CODE = YES;
				CLANG_WARN__DUPLICATE_METHOD_MATCH = YES;
				CODE_SIGN_IDENTITY = "iPhone Developer";
				COPY_PHASE_STRIP = NO;
				DEBUG_INFORMATION_FORMAT = dwarf;
				ENABLE_STRICT_OBJC_MSGSEND = YES;
				ENABLE_TESTABILITY = YES;
				GCC_C_LANGUAGE_STANDARD = gnu11;
				GCC_DYNAMIC_NO_PIC = NO;
				GCC_NO_COMMON_BLOCKS = YES;
				GCC_OPTIMIZATION_LEVEL = 0;
				GCC_PREPROCESSOR_DEFINITIONS = (
					"DEBUG=1",
					"$(inherited)",
				);
				GCC_WARN_64_TO_32_BIT_CONVERSION = YES;
				GCC_WARN_ABOUT_RETURN_TYPE = YES_ERROR;
				GCC_WARN_UNDECLARED_SELECTOR = YES;
				GCC_WARN_UNINITIALIZED_AUTOS = YES_AGGRESSIVE;
				GCC_WARN_UNUSED_FUNCTION = YES;
				GCC_WARN_UNUSED_VARIABLE = YES;
				IPHONEOS_DEPLOYMENT_TARGET = 11.4;
				MTL_ENABLE_DEBUG_INFO = YES;
				ONLY_ACTIVE_ARCH = YES;
				SDKROOT = iphoneos;
				SWIFT_ACTIVE_COMPILATION_CONDITIONS = DEBUG;
				SWIFT_OPTIMIZATION_LEVEL = "-Onone";
			};
			name = Debug;
		};
		46257F492206F13300D9BC23 /* Release */ = {
			isa = XCBuildConfiguration;
			buildSettings = {
				ALWAYS_SEARCH_USER_PATHS = NO;
				CLANG_ANALYZER_NONNULL = YES;
				CLANG_ANALYZER_NUMBER_OBJECT_CONVERSION = YES_AGGRESSIVE;
				CLANG_CXX_LANGUAGE_STANDARD = "gnu++14";
				CLANG_CXX_LIBRARY = "libc++";
				CLANG_ENABLE_MODULES = YES;
				CLANG_ENABLE_OBJC_ARC = YES;
				CLANG_ENABLE_OBJC_WEAK = YES;
				CLANG_WARN_BLOCK_CAPTURE_AUTORELEASING = YES;
				CLANG_WARN_BOOL_CONVERSION = YES;
				CLANG_WARN_COMMA = YES;
				CLANG_WARN_CONSTANT_CONVERSION = YES;
				CLANG_WARN_DEPRECATED_OBJC_IMPLEMENTATIONS = YES;
				CLANG_WARN_DIRECT_OBJC_ISA_USAGE = YES_ERROR;
				CLANG_WARN_DOCUMENTATION_COMMENTS = YES;
				CLANG_WARN_EMPTY_BODY = YES;
				CLANG_WARN_ENUM_CONVERSION = YES;
				CLANG_WARN_INFINITE_RECURSION = YES;
				CLANG_WARN_INT_CONVERSION = YES;
				CLANG_WARN_NON_LITERAL_NULL_CONVERSION = YES;
				CLANG_WARN_OBJC_IMPLICIT_RETAIN_SELF = YES;
				CLANG_WARN_OBJC_LITERAL_CONVERSION = YES;
				CLANG_WARN_OBJC_ROOT_CLASS = YES_ERROR;
				CLANG_WARN_RANGE_LOOP_ANALYSIS = YES;
				CLANG_WARN_STRICT_PROTOTYPES = YES;
				CLANG_WARN_SUSPICIOUS_MOVE = YES;
				CLANG_WARN_UNGUARDED_AVAILABILITY = YES_AGGRESSIVE;
				CLANG_WARN_UNREACHABLE_CODE = YES;
				CLANG_WARN__DUPLICATE_METHOD_MATCH = YES;
				CODE_SIGN_IDENTITY = "iPhone Developer";
				COPY_PHASE_STRIP = NO;
				DEBUG_INFORMATION_FORMAT = "dwarf-with-dsym";
				ENABLE_NS_ASSERTIONS = NO;
				ENABLE_STRICT_OBJC_MSGSEND = YES;
				GCC_C_LANGUAGE_STANDARD = gnu11;
				GCC_NO_COMMON_BLOCKS = YES;
				GCC_WARN_64_TO_32_BIT_CONVERSION = YES;
				GCC_WARN_ABOUT_RETURN_TYPE = YES_ERROR;
				GCC_WARN_UNDECLARED_SELECTOR = YES;
				GCC_WARN_UNINITIALIZED_AUTOS = YES_AGGRESSIVE;
				GCC_WARN_UNUSED_FUNCTION = YES;
				GCC_WARN_UNUSED_VARIABLE = YES;
				IPHONEOS_DEPLOYMENT_TARGET = 11.4;
				MTL_ENABLE_DEBUG_INFO = NO;
				SDKROOT = iphoneos;
				SWIFT_COMPILATION_MODE = wholemodule;
				SWIFT_OPTIMIZATION_LEVEL = "-O";
				VALIDATE_PRODUCT = YES;
			};
			name = Release;
		};
		46257F4B2206F13400D9BC23 /* Debug */ = {
			isa = XCBuildConfiguration;
			buildSettings = {
				ASSETCATALOG_COMPILER_APPICON_NAME = AppIcon;
				CODE_SIGN_STYLE = Automatic;
				DEVELOPMENT_TEAM = 39C8QF99WH;
				INFOPLIST_FILE = "$(SRCROOT)/TakeHomeTest/Resources/Info.plist";
				LD_RUNPATH_SEARCH_PATHS = (
					"$(inherited)",
					"@executable_path/Frameworks",
				);
				PRODUCT_BUNDLE_IDENTIFIER = com.abhishek.TakeHomeTest;
				PRODUCT_NAME = "$(TARGET_NAME)";
				SWIFT_VERSION = 4.0;
				TARGETED_DEVICE_FAMILY = "1,2";
			};
			name = Debug;
		};
		46257F4C2206F13400D9BC23 /* Release */ = {
			isa = XCBuildConfiguration;
			buildSettings = {
				ASSETCATALOG_COMPILER_APPICON_NAME = AppIcon;
				CODE_SIGN_STYLE = Automatic;
				DEVELOPMENT_TEAM = 39C8QF99WH;
				INFOPLIST_FILE = "$(SRCROOT)/TakeHomeTest/Resources/Info.plist";
				LD_RUNPATH_SEARCH_PATHS = (
					"$(inherited)",
					"@executable_path/Frameworks",
				);
				PRODUCT_BUNDLE_IDENTIFIER = com.abhishek.TakeHomeTest;
				PRODUCT_NAME = "$(TARGET_NAME)";
				SWIFT_VERSION = 4.0;
				TARGETED_DEVICE_FAMILY = "1,2";
			};
			name = Release;
		};
		F126C2F922084697004863E1 /* Debug */ = {
			isa = XCBuildConfiguration;
			buildSettings = {
				BUNDLE_LOADER = "$(TEST_HOST)";
				CODE_SIGN_STYLE = Automatic;
				DEVELOPMENT_TEAM = 26HBWAYR9G;
				INFOPLIST_FILE = TakeHomeTestTests/Info.plist;
				IPHONEOS_DEPLOYMENT_TARGET = 12.1;
				LD_RUNPATH_SEARCH_PATHS = (
					"$(inherited)",
					"@executable_path/Frameworks",
					"@loader_path/Frameworks",
				);
				MTL_ENABLE_DEBUG_INFO = INCLUDE_SOURCE;
				MTL_FAST_MATH = YES;
				PRODUCT_BUNDLE_IDENTIFIER = com.abhishek.TakeHomeTestTests;
				PRODUCT_NAME = "$(TARGET_NAME)";
				SWIFT_VERSION = 4.2;
				TARGETED_DEVICE_FAMILY = "1,2";
				TEST_HOST = "$(BUILT_PRODUCTS_DIR)/TakeHomeTest.app/TakeHomeTest";
			};
			name = Debug;
		};
		F126C2FA22084697004863E1 /* Release */ = {
			isa = XCBuildConfiguration;
			buildSettings = {
				BUNDLE_LOADER = "$(TEST_HOST)";
				CODE_SIGN_STYLE = Automatic;
				DEVELOPMENT_TEAM = 26HBWAYR9G;
				INFOPLIST_FILE = TakeHomeTestTests/Info.plist;
				IPHONEOS_DEPLOYMENT_TARGET = 12.1;
				LD_RUNPATH_SEARCH_PATHS = (
					"$(inherited)",
					"@executable_path/Frameworks",
					"@loader_path/Frameworks",
				);
				MTL_FAST_MATH = YES;
				PRODUCT_BUNDLE_IDENTIFIER = com.abhishek.TakeHomeTestTests;
				PRODUCT_NAME = "$(TARGET_NAME)";
				SWIFT_VERSION = 4.2;
				TARGETED_DEVICE_FAMILY = "1,2";
				TEST_HOST = "$(BUILT_PRODUCTS_DIR)/TakeHomeTest.app/TakeHomeTest";
			};
			name = Release;
		};
/* End XCBuildConfiguration section */

/* Begin XCConfigurationList section */
		46257F332206F12A00D9BC23 /* Build configuration list for PBXProject "TakeHomeTest" */ = {
			isa = XCConfigurationList;
			buildConfigurations = (
				46257F482206F13300D9BC23 /* Debug */,
				46257F492206F13300D9BC23 /* Release */,
			);
			defaultConfigurationIsVisible = 0;
			defaultConfigurationName = Release;
		};
		46257F4A2206F13400D9BC23 /* Build configuration list for PBXNativeTarget "TakeHomeTest" */ = {
			isa = XCConfigurationList;
			buildConfigurations = (
				46257F4B2206F13400D9BC23 /* Debug */,
				46257F4C2206F13400D9BC23 /* Release */,
			);
			defaultConfigurationIsVisible = 0;
			defaultConfigurationName = Release;
		};
		F126C2FB22084697004863E1 /* Build configuration list for PBXNativeTarget "TakeHomeTestTests" */ = {
			isa = XCConfigurationList;
			buildConfigurations = (
				F126C2F922084697004863E1 /* Debug */,
				F126C2FA22084697004863E1 /* Release */,
			);
			defaultConfigurationIsVisible = 0;
			defaultConfigurationName = Release;
		};
/* End XCConfigurationList section */
	};
	rootObject = 46257F302206F12A00D9BC23 /* Project object */;
}
